
Microsoft Visual Studio Solution File, Format Version 12.00
# Visual Studio Version 16
VisualStudioVersion = 16.0.29709.97
MinimumVisualStudioVersion = 10.0.40219.1
Project("{FAE04EC0-301F-11D3-BF4B-00C04F79EFBC}") = "Proyecto - 1177318", "Proyecto - 1177318\Proyecto - 1177318.csproj", "{F2E5DD20-DCAB-4612-86B0-6C78803525C6}"
EndProject
Global
	GlobalSection(SolutionConfigurationPlatforms) = preSolution
		Debug|Any CPU = Debug|Any CPU
		Release|Any CPU = Release|Any CPU
	EndGlobalSection
	GlobalSection(ProjectConfigurationPlatforms) = postSolution
		{F2E5DD20-DCAB-4612-86B0-6C78803525C6}.Debug|Any CPU.ActiveCfg = Debug|Any CPU
		{F2E5DD20-DCAB-4612-86B0-6C78803525C6}.Debug|Any CPU.Build.0 = Debug|Any CPU
		{F2E5DD20-DCAB-4612-86B0-6C78803525C6}.Release|Any CPU.ActiveCfg = Release|Any CPU
		{F2E5DD20-DCAB-4612-86B0-6C78803525C6}.Release|Any CPU.Build.0 = Release|Any CPU
	EndGlobalSection
	GlobalSection(SolutionProperties) = preSolution
		HideSolutionNode = FALSE
	EndGlobalSection
	GlobalSection(ExtensibilityGlobals) = postSolution
		SolutionGuid = {CE148B34-0AF4-4CCB-A3A5-210B308F0400}
	EndGlobalSection
EndGlobal
